
Microsoft Visual Studio Solution File, Format Version 12.00
# Visual Studio Version 16
VisualStudioVersion = 16.0.33927.289
MinimumVisualStudioVersion = 10.0.40219.1
Project("{2150E333-8FDC-42A3-9474-1A3956D46DE8}") = "Task0", "Task0", "{0F54A951-9076-4070-9F7D-7C7187A490AF}"
EndProject
Project("{FAE04EC0-301F-11D3-BF4B-00C04F79EFBC}") = "Tyuiu.FalinGS.Sprint0.Task0.V0", "Tyuiu.FalinGS.Sprint0.Task0.V0\Tyuiu.FalinGS.Sprint0.Task0.V0.csproj", "{3186B4D6-C247-40C9-816F-27521ACEA3DF}"
EndProject
Project("{2150E333-8FDC-42A3-9474-1A3956D46DE8}") = "Task1", "Task1", "{2371151D-5317-4820-9EBD-49188A603C4E}"
EndProject
Project("{FAE04EC0-301F-11D3-BF4B-00C04F79EFBC}") = "Tyuiu.FalinGS.Sprint0.Task1.v0", "Tyuiu.FalinGS.SprintO.Task1.vo\Tyuiu.FalinGS.Sprint0.Task1.v0.csproj", "{95397569-F36A-4265-BFA8-8EB5CCF9B0FC}"
EndProject
Global
	GlobalSection(SolutionConfigurationPlatforms) = preSolution
		Debug|Any CPU = Debug|Any CPU
		Release|Any CPU = Release|Any CPU
	EndGlobalSection
	GlobalSection(ProjectConfigurationPlatforms) = postSolution
		{3186B4D6-C247-40C9-816F-27521ACEA3DF}.Debug|Any CPU.ActiveCfg = Debug|Any CPU
		{3186B4D6-C247-40C9-816F-27521ACEA3DF}.Debug|Any CPU.Build.0 = Debug|Any CPU
		{3186B4D6-C247-40C9-816F-27521ACEA3DF}.Release|Any CPU.ActiveCfg = Release|Any CPU
		{3186B4D6-C247-40C9-816F-27521ACEA3DF}.Release|Any CPU.Build.0 = Release|Any CPU
		{95397569-F36A-4265-BFA8-8EB5CCF9B0FC}.Debug|Any CPU.ActiveCfg = Debug|Any CPU
		{95397569-F36A-4265-BFA8-8EB5CCF9B0FC}.Debug|Any CPU.Build.0 = Debug|Any CPU
		{95397569-F36A-4265-BFA8-8EB5CCF9B0FC}.Release|Any CPU.ActiveCfg = Release|Any CPU
		{95397569-F36A-4265-BFA8-8EB5CCF9B0FC}.Release|Any CPU.Build.0 = Release|Any CPU
	EndGlobalSection
	GlobalSection(SolutionProperties) = preSolution
		HideSolutionNode = FALSE
	EndGlobalSection
	GlobalSection(NestedProjects) = preSolution
		{3186B4D6-C247-40C9-816F-27521ACEA3DF} = {0F54A951-9076-4070-9F7D-7C7187A490AF}
		{95397569-F36A-4265-BFA8-8EB5CCF9B0FC} = {2371151D-5317-4820-9EBD-49188A603C4E}
	EndGlobalSection
	GlobalSection(ExtensibilityGlobals) = postSolution
		SolutionGuid = {5C7B5626-F9C7-499E-BE41-A1F3DE268DF0}
	EndGlobalSection
EndGlobal
