
Microsoft Visual Studio Solution File, Format Version 12.00
# Visual Studio Version 16
VisualStudioVersion = 16.0.33927.289
MinimumVisualStudioVersion = 10.0.40219.1
Project("{2150E333-8FDC-42A3-9474-1A3956D46DE8}") = "Task0", "Task0", "{0F54A951-9076-4070-9F7D-7C7187A490AF}"
EndProject
Project("{FAE04EC0-301F-11D3-BF4B-00C04F79EFBC}") = "Tyuiu.FalinGS.Sprint0.Task0.V0", "Tyuiu.FalinGS.Sprint0.Task0.V0\Tyuiu.FalinGS.Sprint0.Task0.V0.csproj", "{3186B4D6-C247-40C9-816F-27521ACEA3DF}"
EndProject
Project("{2150E333-8FDC-42A3-9474-1A3956D46DE8}") = "Task1", "Task1", "{2371151D-5317-4820-9EBD-49188A603C4E}"
EndProject
Project("{FAE04EC0-301F-11D3-BF4B-00C04F79EFBC}") = "Tyuiu.FalinGS.Sprint0.Task1.v0", "Tyuiu.FalinGS.SprintO.Task1.vo\Tyuiu.FalinGS.Sprint0.Task1.v0.csproj", "{95397569-F36A-4265-BFA8-8EB5CCF9B0FC}"
EndProject
Project("{2150E333-8FDC-42A3-9474-1A3956D46DE8}") = "Task2", "Task2", "{A6308E46-BDD8-437E-90E4-4C46A14D04F9}"
EndProject
Project("{FAE04EC0-301F-11D3-BF4B-00C04F79EFBC}") = "Tyuiu.FalinGS.Sprint0.Task2.v0", "Tyuiu.FalinGS.SprintO.Task2.vO\Tyuiu.FalinGS.Sprint0.Task2.v0.csproj", "{3B178659-DB5B-4D1A-9AEF-4A4DF2FEF651}"
EndProject
Project("{FAE04EC0-301F-11D3-BF4B-00C04F79EFBC}") = "Tyuiu.FalinGS.Sprint0.Task2.v0.Lib", "Tyuiu.FalinGS.SprintO.Task2.v0.lib\Tyuiu.FalinGS.Sprint0.Task2.v0.Lib.csproj", "{BC215F05-850E-4EB9-AF96-90B163D1A3A0}"
EndProject
Project("{FAE04EC0-301F-11D3-BF4B-00C04F79EFBC}") = "Tyuiu.FalinGS.Sprint0.Task2.v0.Test", "Tyuiu.FalinGS.SprintO.Task2.v0.Test\Tyuiu.FalinGS.Sprint0.Task2.v0.Test.csproj", "{43B4E942-01E5-4BE2-AD9E-CFBBECFB1A46}"
EndProject
Project("{2150E333-8FDC-42A3-9474-1A3956D46DE8}") = "Task3", "Task3", "{6C1946BA-C563-4C51-9BFD-DD69484BAA37}"
EndProject
Project("{FAE04EC0-301F-11D3-BF4B-00C04F79EFBC}") = "Tyuiu.FalinGS.Sprint0.Task3.V0", "Tyuiu.FalinGS.Sprint0.Task3.V0\Tyuiu.FalinGS.Sprint0.Task3.V0.csproj", "{4EB3FA14-3C82-4F8F-ABBC-3A489E4A7230}"
EndProject
Project("{FAE04EC0-301F-11D3-BF4B-00C04F79EFBC}") = "Tyuiu.FalinGS.Sprint0.Task3.V0.Lib", "Tyuiu.FalinGS.Sprint0.Task3.V0.Lib\Tyuiu.FalinGS.Sprint0.Task3.V0.Lib.csproj", "{66687008-4942-4E49-A929-714975C60ACC}"
EndProject
Project("{FAE04EC0-301F-11D3-BF4B-00C04F79EFBC}") = "Tyuiu.FalinGS.Sprint0.Task3.V0.Test", "Tyuiu.FalinGS.Sprint0.Task3.V0.Test\Tyuiu.FalinGS.Sprint0.Task3.V0.Test.csproj", "{DA956FB0-1F51-4348-B23D-D3BDCE9DC2FF}"
EndProject
Project("{2150E333-8FDC-42A3-9474-1A3956D46DE8}") = "Task4", "Task4", "{28B272D4-2D02-4A32-A9D2-541E44D08803}"
EndProject
Project("{FAE04EC0-301F-11D3-BF4B-00C04F79EFBC}") = "Tyuiu.FalinGS.Sprint0.Task4.V0", "Tyuiu.FalinGS.Sprint0.Task4.V0\Tyuiu.FalinGS.Sprint0.Task4.V0.csproj", "{7FEA76A3-10DE-4945-9A7C-54C718489B15}"
EndProject
Project("{FAE04EC0-301F-11D3-BF4B-00C04F79EFBC}") = "Tyuiu.FalinGS.Sprint0.Task4.V0.Test", "Tyuiu.FalinGS.Sprint0.Task4.V0.Test\Tyuiu.FalinGS.Sprint0.Task4.V0.Test.csproj", "{27CFE0E2-D1F8-4521-8F21-5B5D2E3EE8E1}"
EndProject
Project("{FAE04EC0-301F-11D3-BF4B-00C04F79EFBC}") = "Tyuiu.FalinGS.Sprint0.Task4.V0.Lib", "Tyuiu.FalinGS.Sprint0.Task4.V0.Lib\Tyuiu.FalinGS.Sprint0.Task4.V0.Lib.csproj", "{7D8386A1-0E3C-45E8-8AD8-DFF748827D1C}"
EndProject
Project("{2150E333-8FDC-42A3-9474-1A3956D46DE8}") = "Task5", "Task5", "{34226B18-8B50-40B7-A0A2-5EC69180F146}"
EndProject
Project("{FAE04EC0-301F-11D3-BF4B-00C04F79EFBC}") = "Tyuiu.FalinGS.Sprint0.Task5.V0", "Tyuiu.FalinGS.Sprint0.Task5.V0\Tyuiu.FalinGS.Sprint0.Task5.V0.csproj", "{80EF8DAC-78D3-4BBA-82A2-07215D6C264B}"
EndProject
Project("{FAE04EC0-301F-11D3-BF4B-00C04F79EFBC}") = "Tyuiu.FalinGS.Sprint0.Task5.V0.Lib", "Tyuiu.FalinGS.Sprint0.Task5.V0.Lib\Tyuiu.FalinGS.Sprint0.Task5.V0.Lib.csproj", "{E2136598-C587-4195-A644-C8F56E11CF7A}"
EndProject
Project("{FAE04EC0-301F-11D3-BF4B-00C04F79EFBC}") = "Tyuiu.FalinGS.Sprint0.Task5.V0.Test", "Tyuiu.FalinGS.Sprint0.Task5.V0.Test\Tyuiu.FalinGS.Sprint0.Task5.V0.Test.csproj", "{A4131ABC-7728-4AA1-BB87-AC6C978EF46E}"
EndProject
Global
	GlobalSection(SolutionConfigurationPlatforms) = preSolution
		Debug|Any CPU = Debug|Any CPU
		Release|Any CPU = Release|Any CPU
	EndGlobalSection
	GlobalSection(ProjectConfigurationPlatforms) = postSolution
		{3186B4D6-C247-40C9-816F-27521ACEA3DF}.Debug|Any CPU.ActiveCfg = Debug|Any CPU
		{3186B4D6-C247-40C9-816F-27521ACEA3DF}.Debug|Any CPU.Build.0 = Debug|Any CPU
		{3186B4D6-C247-40C9-816F-27521ACEA3DF}.Release|Any CPU.ActiveCfg = Release|Any CPU
		{3186B4D6-C247-40C9-816F-27521ACEA3DF}.Release|Any CPU.Build.0 = Release|Any CPU
		{95397569-F36A-4265-BFA8-8EB5CCF9B0FC}.Debug|Any CPU.ActiveCfg = Debug|Any CPU
		{95397569-F36A-4265-BFA8-8EB5CCF9B0FC}.Debug|Any CPU.Build.0 = Debug|Any CPU
		{95397569-F36A-4265-BFA8-8EB5CCF9B0FC}.Release|Any CPU.ActiveCfg = Release|Any CPU
		{95397569-F36A-4265-BFA8-8EB5CCF9B0FC}.Release|Any CPU.Build.0 = Release|Any CPU
		{3B178659-DB5B-4D1A-9AEF-4A4DF2FEF651}.Debug|Any CPU.ActiveCfg = Debug|Any CPU
		{3B178659-DB5B-4D1A-9AEF-4A4DF2FEF651}.Debug|Any CPU.Build.0 = Debug|Any CPU
		{3B178659-DB5B-4D1A-9AEF-4A4DF2FEF651}.Release|Any CPU.ActiveCfg = Release|Any CPU
		{3B178659-DB5B-4D1A-9AEF-4A4DF2FEF651}.Release|Any CPU.Build.0 = Release|Any CPU
		{BC215F05-850E-4EB9-AF96-90B163D1A3A0}.Debug|Any CPU.ActiveCfg = Debug|Any CPU
		{BC215F05-850E-4EB9-AF96-90B163D1A3A0}.Debug|Any CPU.Build.0 = Debug|Any CPU
		{BC215F05-850E-4EB9-AF96-90B163D1A3A0}.Release|Any CPU.ActiveCfg = Release|Any CPU
		{BC215F05-850E-4EB9-AF96-90B163D1A3A0}.Release|Any CPU.Build.0 = Release|Any CPU
		{43B4E942-01E5-4BE2-AD9E-CFBBECFB1A46}.Debug|Any CPU.ActiveCfg = Debug|Any CPU
		{43B4E942-01E5-4BE2-AD9E-CFBBECFB1A46}.Debug|Any CPU.Build.0 = Debug|Any CPU
		{43B4E942-01E5-4BE2-AD9E-CFBBECFB1A46}.Release|Any CPU.ActiveCfg = Release|Any CPU
		{43B4E942-01E5-4BE2-AD9E-CFBBECFB1A46}.Release|Any CPU.Build.0 = Release|Any CPU
		{4EB3FA14-3C82-4F8F-ABBC-3A489E4A7230}.Debug|Any CPU.ActiveCfg = Debug|Any CPU
		{4EB3FA14-3C82-4F8F-ABBC-3A489E4A7230}.Debug|Any CPU.Build.0 = Debug|Any CPU
		{4EB3FA14-3C82-4F8F-ABBC-3A489E4A7230}.Release|Any CPU.ActiveCfg = Release|Any CPU
		{4EB3FA14-3C82-4F8F-ABBC-3A489E4A7230}.Release|Any CPU.Build.0 = Release|Any CPU
		{66687008-4942-4E49-A929-714975C60ACC}.Debug|Any CPU.ActiveCfg = Debug|Any CPU
		{66687008-4942-4E49-A929-714975C60ACC}.Debug|Any CPU.Build.0 = Debug|Any CPU
		{66687008-4942-4E49-A929-714975C60ACC}.Release|Any CPU.ActiveCfg = Release|Any CPU
		{66687008-4942-4E49-A929-714975C60ACC}.Release|Any CPU.Build.0 = Release|Any CPU
		{DA956FB0-1F51-4348-B23D-D3BDCE9DC2FF}.Debug|Any CPU.ActiveCfg = Debug|Any CPU
		{DA956FB0-1F51-4348-B23D-D3BDCE9DC2FF}.Debug|Any CPU.Build.0 = Debug|Any CPU
		{DA956FB0-1F51-4348-B23D-D3BDCE9DC2FF}.Release|Any CPU.ActiveCfg = Release|Any CPU
		{DA956FB0-1F51-4348-B23D-D3BDCE9DC2FF}.Release|Any CPU.Build.0 = Release|Any CPU
		{7FEA76A3-10DE-4945-9A7C-54C718489B15}.Debug|Any CPU.ActiveCfg = Debug|Any CPU
		{7FEA76A3-10DE-4945-9A7C-54C718489B15}.Debug|Any CPU.Build.0 = Debug|Any CPU
		{7FEA76A3-10DE-4945-9A7C-54C718489B15}.Release|Any CPU.ActiveCfg = Release|Any CPU
		{7FEA76A3-10DE-4945-9A7C-54C718489B15}.Release|Any CPU.Build.0 = Release|Any CPU
		{27CFE0E2-D1F8-4521-8F21-5B5D2E3EE8E1}.Debug|Any CPU.ActiveCfg = Debug|Any CPU
		{27CFE0E2-D1F8-4521-8F21-5B5D2E3EE8E1}.Debug|Any CPU.Build.0 = Debug|Any CPU
		{27CFE0E2-D1F8-4521-8F21-5B5D2E3EE8E1}.Release|Any CPU.ActiveCfg = Release|Any CPU
		{27CFE0E2-D1F8-4521-8F21-5B5D2E3EE8E1}.Release|Any CPU.Build.0 = Release|Any CPU
		{7D8386A1-0E3C-45E8-8AD8-DFF748827D1C}.Debug|Any CPU.ActiveCfg = Debug|Any CPU
		{7D8386A1-0E3C-45E8-8AD8-DFF748827D1C}.Debug|Any CPU.Build.0 = Debug|Any CPU
		{7D8386A1-0E3C-45E8-8AD8-DFF748827D1C}.Release|Any CPU.ActiveCfg = Release|Any CPU
		{7D8386A1-0E3C-45E8-8AD8-DFF748827D1C}.Release|Any CPU.Build.0 = Release|Any CPU
		{80EF8DAC-78D3-4BBA-82A2-07215D6C264B}.Debug|Any CPU.ActiveCfg = Debug|Any CPU
		{80EF8DAC-78D3-4BBA-82A2-07215D6C264B}.Debug|Any CPU.Build.0 = Debug|Any CPU
		{80EF8DAC-78D3-4BBA-82A2-07215D6C264B}.Release|Any CPU.ActiveCfg = Release|Any CPU
		{80EF8DAC-78D3-4BBA-82A2-07215D6C264B}.Release|Any CPU.Build.0 = Release|Any CPU
		{E2136598-C587-4195-A644-C8F56E11CF7A}.Debug|Any CPU.ActiveCfg = Debug|Any CPU
		{E2136598-C587-4195-A644-C8F56E11CF7A}.Debug|Any CPU.Build.0 = Debug|Any CPU
		{E2136598-C587-4195-A644-C8F56E11CF7A}.Release|Any CPU.ActiveCfg = Release|Any CPU
		{E2136598-C587-4195-A644-C8F56E11CF7A}.Release|Any CPU.Build.0 = Release|Any CPU
		{A4131ABC-7728-4AA1-BB87-AC6C978EF46E}.Debug|Any CPU.ActiveCfg = Debug|Any CPU
		{A4131ABC-7728-4AA1-BB87-AC6C978EF46E}.Debug|Any CPU.Build.0 = Debug|Any CPU
		{A4131ABC-7728-4AA1-BB87-AC6C978EF46E}.Release|Any CPU.ActiveCfg = Release|Any CPU
		{A4131ABC-7728-4AA1-BB87-AC6C978EF46E}.Release|Any CPU.Build.0 = Release|Any CPU
	EndGlobalSection
	GlobalSection(SolutionProperties) = preSolution
		HideSolutionNode = FALSE
	EndGlobalSection
	GlobalSection(NestedProjects) = preSolution
		{3186B4D6-C247-40C9-816F-27521ACEA3DF} = {0F54A951-9076-4070-9F7D-7C7187A490AF}
		{95397569-F36A-4265-BFA8-8EB5CCF9B0FC} = {2371151D-5317-4820-9EBD-49188A603C4E}
		{3B178659-DB5B-4D1A-9AEF-4A4DF2FEF651} = {A6308E46-BDD8-437E-90E4-4C46A14D04F9}
		{BC215F05-850E-4EB9-AF96-90B163D1A3A0} = {A6308E46-BDD8-437E-90E4-4C46A14D04F9}
		{43B4E942-01E5-4BE2-AD9E-CFBBECFB1A46} = {A6308E46-BDD8-437E-90E4-4C46A14D04F9}
		{4EB3FA14-3C82-4F8F-ABBC-3A489E4A7230} = {6C1946BA-C563-4C51-9BFD-DD69484BAA37}
		{66687008-4942-4E49-A929-714975C60ACC} = {6C1946BA-C563-4C51-9BFD-DD69484BAA37}
		{DA956FB0-1F51-4348-B23D-D3BDCE9DC2FF} = {6C1946BA-C563-4C51-9BFD-DD69484BAA37}
		{7FEA76A3-10DE-4945-9A7C-54C718489B15} = {28B272D4-2D02-4A32-A9D2-541E44D08803}
		{27CFE0E2-D1F8-4521-8F21-5B5D2E3EE8E1} = {28B272D4-2D02-4A32-A9D2-541E44D08803}
		{7D8386A1-0E3C-45E8-8AD8-DFF748827D1C} = {28B272D4-2D02-4A32-A9D2-541E44D08803}
		{80EF8DAC-78D3-4BBA-82A2-07215D6C264B} = {34226B18-8B50-40B7-A0A2-5EC69180F146}
		{E2136598-C587-4195-A644-C8F56E11CF7A} = {34226B18-8B50-40B7-A0A2-5EC69180F146}
		{A4131ABC-7728-4AA1-BB87-AC6C978EF46E} = {34226B18-8B50-40B7-A0A2-5EC69180F146}
	EndGlobalSection
	GlobalSection(ExtensibilityGlobals) = postSolution
		SolutionGuid = {5C7B5626-F9C7-499E-BE41-A1F3DE268DF0}
	EndGlobalSection
EndGlobal
